<?xml version="1.0" encoding="utf-8"?>
<Project ToolsVersion="4.0" xmlns="http://schemas.microsoft.com/developer/msbuild/2003">
  <ItemGroup>
    <Filter Include="소스 파일">
      <UniqueIdentifier>{4FC737F1-C7A5-4376-A066-2A32D752A2FF}</UniqueIdentifier>
      <Extensions>cpp;c;cc;cxx;c++;cppm;ixx;def;odl;idl;hpj;bat;asm;asmx</Extensions>
    </Filter>
    <Filter Include="헤더 파일">
      <UniqueIdentifier>{93995380-89BD-4b04-88EB-625FBE52EBFB}</UniqueIdentifier>
      <Extensions>h;hh;hpp;hxx;h++;hm;inl;inc;ipp;xsd</Extensions>
    </Filter>
    <Filter Include="리소스 파일">
      <UniqueIdentifier>{67DA6AB6-F800-4c08-8B7A-83BB121AAD01}</UniqueIdentifier>
      <Extensions>rc;ico;cur;bmp;dlg;rc2;rct;bin;rgs;gif;jpg;jpeg;jpe;resx;tiff;tif;png;wav;mfcribbon-ms</Extensions>
    </Filter>
    <Filter Include="NotUsing">
      <UniqueIdentifier>{5f578186-9a21-45af-9e69-2d6754b34907}</UniqueIdentifier>
    </Filter>
  </ItemGroup>
  <ItemGroup>
    <ClInclude Include="framework.h">
      <Filter>헤더 파일</Filter>
    </ClInclude>
    <ClInclude Include="targetver.h">
      <Filter>헤더 파일</Filter>
    </ClInclude>
    <ClInclude Include="Resource.h">
      <Filter>헤더 파일</Filter>
    </ClInclude>
    <ClInclude Include="Brace_for_Impact_project_dev.h">
      <Filter>헤더 파일</Filter>
    </ClInclude>
    <ClInclude Include="Application.h">
      <Filter>헤더 파일</Filter>
    </ClInclude>
    <ClInclude Include="Player1.h">
      <Filter>헤더 파일</Filter>
    </ClInclude>
    <ClInclude Include="input.h">
      <Filter>헤더 파일</Filter>
    </ClInclude>
    <ClInclude Include="Time.h">
      <Filter>헤더 파일</Filter>
    </ClInclude>
    <ClInclude Include="Timer.h">
      <Filter>헤더 파일</Filter>
    </ClInclude>
    <ClInclude Include="MATH.h">
      <Filter>헤더 파일</Filter>
    </ClInclude>
    <ClInclude Include="MONSTER.h">
      <Filter>헤더 파일</Filter>
    </ClInclude>
    <ClInclude Include="BULLET.h">
      <Filter>헤더 파일</Filter>
    </ClInclude>
    <ClInclude Include="CommonInclude.h">
      <Filter>헤더 파일</Filter>
    </ClInclude>
    <ClInclude Include="Tank.h">
      <Filter>헤더 파일</Filter>
    </ClInclude>
    <ClInclude Include="Player.h">
      <Filter>헤더 파일</Filter>
    </ClInclude>
    <ClInclude Include="Texture.h">
      <Filter>헤더 파일</Filter>
    </ClInclude>
    <ClInclude Include="BLOCK.h">
      <Filter>헤더 파일</Filter>
    </ClInclude>
    <ClInclude Include="TankController.h">
      <Filter>헤더 파일</Filter>
    </ClInclude>
    <ClInclude Include="GameManager.h">
      <Filter>헤더 파일</Filter>
    </ClInclude>
    <ClInclude Include="Sound.h">
      <Filter>헤더 파일</Filter>
    </ClInclude>
    <ClInclude Include="Debugging.h">
      <Filter>헤더 파일</Filter>
    </ClInclude>
  </ItemGroup>
  <ItemGroup>
    <ClCompile Include="Brace_for_Impact_project_dev.cpp">
      <Filter>소스 파일</Filter>
    </ClCompile>
    <ClCompile Include="Application.cpp">
      <Filter>소스 파일</Filter>
    </ClCompile>
    <ClCompile Include="Player1.cpp">
      <Filter>소스 파일</Filter>
    </ClCompile>
    <ClCompile Include="input.cpp">
      <Filter>소스 파일</Filter>
    </ClCompile>
    <ClCompile Include="Time.cpp">
      <Filter>소스 파일</Filter>
    </ClCompile>
    <ClCompile Include="Timer.cpp">
      <Filter>소스 파일</Filter>
    </ClCompile>
    <ClCompile Include="MATH.cpp">
      <Filter>소스 파일</Filter>
    </ClCompile>
    <ClCompile Include="MONSTER.cpp">
      <Filter>소스 파일</Filter>
    </ClCompile>
    <ClCompile Include="BULLET.cpp">
      <Filter>소스 파일</Filter>
    </ClCompile>
    <ClCompile Include="Tank.cpp">
      <Filter>소스 파일</Filter>
    </ClCompile>
    <ClCompile Include="GameManager.cpp">
      <Filter>소스 파일</Filter>
    </ClCompile>
    <ClCompile Include="BLOCK.cpp">
      <Filter>소스 파일</Filter>
    </ClCompile>
    <ClCompile Include="TankController.cpp">
      <Filter>소스 파일</Filter>
    </ClCompile>
    <ClCompile Include="Sound.cpp">
      <Filter>소스 파일</Filter>
    </ClCompile>
    <ClCompile Include="Debugging.cpp">
      <Filter>소스 파일</Filter>
    </ClCompile>
  </ItemGroup>
  <ItemGroup>
    <ResourceCompile Include="Brace_for_Impact_project_dev.rc">
      <Filter>리소스 파일</Filter>
    </ResourceCompile>
  </ItemGroup>
  <ItemGroup>
    <Image Include="small.ico">
      <Filter>리소스 파일</Filter>
    </Image>
    <Image Include="Brace_for_Impact_project_dev.ico">
      <Filter>리소스 파일</Filter>
    </Image>
    <Image Include="BFI_Player.bmp">
      <Filter>리소스 파일</Filter>
    </Image>
    <Image Include="BFI_Tank_car.bmp">
      <Filter>리소스 파일</Filter>
    </Image>
    <Image Include="BFI_Tank_head.bmp">
      <Filter>리소스 파일</Filter>
    </Image>
    <Image Include="BFI_Building_1.bmp">
      <Filter>리소스 파일</Filter>
    </Image>
    <Image Include="BFI_Bullet_1.bmp">
      <Filter>리소스 파일</Filter>
    </Image>
    <Image Include="BFI_Enemy_1.bmp">
      <Filter>리소스 파일</Filter>
    </Image>
    <Image Include="BFI_Enemy_2.bmp">
      <Filter>리소스 파일</Filter>
    </Image>
    <Image Include="BFI_Stage_1_1.bmp">
      <Filter>리소스 파일</Filter>
    </Image>
    <Image Include="BFI_Stage_1_2.bmp">
      <Filter>리소스 파일</Filter>
    </Image>
    <Image Include="BFI_Stage_2.bmp">
      <Filter>리소스 파일</Filter>
    </Image>
    <Image Include="UI)info_up.bmp">
      <Filter>리소스 파일</Filter>
    </Image>
    <Image Include="UI)Tankinside.bmp">
      <Filter>리소스 파일</Filter>
    </Image>
    <Image Include="BFI_Control_attack.bmp">
      <Filter>리소스 파일</Filter>
    </Image>
    <Image Include="BFI_Control_engine.bmp">
      <Filter>리소스 파일</Filter>
    </Image>
    <Image Include="BFI_Control_move.bmp">
      <Filter>리소스 파일</Filter>
    </Image>
    <Image Include="BFI_Enemy_3.bmp">
      <Filter>리소스 파일</Filter>
    </Image>
    <Image Include="BFI_Enemy_4.bmp">
      <Filter>리소스 파일</Filter>
    </Image>
    <Image Include="BFI_Enemy_5.bmp">
      <Filter>리소스 파일</Filter>
    </Image>
    <Image Include="BFI_UI_stage.bmp">
      <Filter>리소스 파일</Filter>
    </Image>
    <Image Include="BFI_UI_Cooltime.bmp">
      <Filter>리소스 파일</Filter>
    </Image>
    <Image Include="BFI_UI_Player.bmp">
      <Filter>리소스 파일</Filter>
    </Image>
    <Image Include="BFI_UI_Reloader.bmp">
      <Filter>리소스 파일</Filter>
    </Image>
    <Image Include="BFI_UI_Status.bmp">
      <Filter>리소스 파일</Filter>
    </Image>
    <Image Include="BFI_UI_INFO.bmp">
      <Filter>리소스 파일</Filter>
    </Image>
    <Image Include="BFI_CT_Cannon.bmp">
      <Filter>리소스 파일</Filter>
    </Image>
    <Image Include="BFI_Stage_1.bmp">
      <Filter>리소스 파일</Filter>
    </Image>
    <Image Include="BFI_Stage_3.bmp">
      <Filter>리소스 파일</Filter>
    </Image>
    <Image Include="BFI_Screen_Title.bmp">
      <Filter>리소스 파일</Filter>
    </Image>
    <Image Include="BFI_Bullet_2.bmp">
      <Filter>리소스 파일</Filter>
    </Image>
    <Image Include="BFI_Screen_Cursor.bmp">
      <Filter>리소스 파일</Filter>
    </Image>
    <Image Include="BFI_BOSS_1.bmp">
      <Filter>리소스 파일</Filter>
    </Image>
    <Image Include="BFI_BOSS_2.bmp">
      <Filter>리소스 파일</Filter>
    </Image>
    <Image Include="BFI_BOSS_4.bmp">
      <Filter>리소스 파일</Filter>
    </Image>
    <Image Include="BFI_BOSS_5.bmp">
      <Filter>리소스 파일</Filter>
    </Image>
    <Image Include="BFI_BOSS_6_sprite.bmp">
      <Filter>리소스 파일</Filter>
    </Image>
    <Image Include="BFI_Screen_Selecet.bmp">
      <Filter>리소스 파일</Filter>
    </Image>
    <Image Include="BFI_CT_Itembox.bmp">
      <Filter>리소스 파일</Filter>
    </Image>
    <Image Include="BFI_Item.bmp">
      <Filter>리소스 파일</Filter>
    </Image>
    <Image Include="BFI_Control_steam_dash.bmp">
      <Filter>리소스 파일</Filter>
    </Image>
    <Image Include="BFI_ICON.ico">
      <Filter>리소스 파일</Filter>
    </Image>
    <Image Include="BFI_Screen_StageStart.bmp">
      <Filter>리소스 파일</Filter>
    </Image>
    <Image Include="BFI_Screen_Selecetframe.bmp">
      <Filter>리소스 파일</Filter>
    </Image>
    <Image Include="BFI_BOSS_3.bmp">
      <Filter>리소스 파일</Filter>
    </Image>
    <Image Include="BFI_Screen_GameClear.bmp">
      <Filter>리소스 파일</Filter>
    </Image>
    <Image Include="BFI_Screen_Rule.bmp">
      <Filter>리소스 파일</Filter>
    </Image>
    <Image Include="BFI_Screen_Gameover.bmp">
      <Filter>리소스 파일</Filter>
    </Image>
    <Image Include="BFI_UI_Alert.bmp">
      <Filter>리소스 파일</Filter>
    </Image>
    <Image Include="BFI_Stage_2_Night.bmp">
      <Filter>리소스 파일</Filter>
    </Image>
    <Image Include="BFI_Stage_1_Night.bmp">
      <Filter>리소스 파일</Filter>
    </Image>
    <Image Include="BFI_Stage_3_Night.bmp">
      <Filter>리소스 파일</Filter>
    </Image>
  </ItemGroup>
  <ItemGroup>
    <Media Include="BFI_ST_1_The Origin.wav">
      <Filter>리소스 파일</Filter>
    </Media>
    <Media Include="BFI_Title_Good Old Times.wav">
      <Filter>리소스 파일</Filter>
    </Media>
    <Media Include="BFI_ST_2_8bit Dungeon Bossc.wav">
      <Filter>리소스 파일</Filter>
    </Media>
    <Media Include="BFI_ST_3_Funk Modulator.wav">
      <Filter>리소스 파일</Filter>
    </Media>
    <Media Include="BFI_ST_4_Scrub Slayer.wav">
      <Filter>리소스 파일</Filter>
    </Media>
    <Media Include="BFI_ST_5_Welcome Player.wav">
      <Filter>리소스 파일</Filter>
    </Media>
    <Media Include="BFI_ST6_Dub Hub.wav">
      <Filter>리소스 파일</Filter>
    </Media>
    <Media Include="BFI_Explosion.wav">
      <Filter>리소스 파일</Filter>
    </Media>
    <Media Include="BFI_Hit.mp3" />
    <Media Include="BFI_Menu.wav">
      <Filter>리소스 파일</Filter>
    </Media>
    <Media Include="BFI_Start.wav">
      <Filter>리소스 파일</Filter>
    </Media>
    <Media Include="BFI_Item.wav">
      <Filter>리소스 파일</Filter>
    </Media>
    <Media Include="BFI_Laser.wav">
      <Filter>리소스 파일</Filter>
    </Media>
    <Media Include="BFI_Shoot.wav">
      <Filter>리소스 파일</Filter>
    </Media>
    <Media Include="BFI_ST6_The_FinalBattle.mp3" />
    <Media Include="BFI_Dash.wav">
      <Filter>리소스 파일</Filter>
    </Media>
    <Media Include="BFI_Move.mp3" />
    <Media Include="BFI_Reload.wav">
      <Filter>리소스 파일</Filter>
    </Media>
  </ItemGroup>
</Project>